// !$*UTF8*$!
{
	archiveVersion = 1;
	classes = {
	};
	objectVersion = 50;
	objects = {

/* Begin PBXBuildFile section */
		354B9F15F758C6ABD9CACB56 /* Pods_Todoey.framework in Frameworks */ = {isa = PBXBuildFile; fileRef = 2726CB1655C01A8311250A85 /* Pods_Todoey.framework */; };
		6DBCAF7821176D79000FB166 /* AppDelegate.swift in Sources */ = {isa = PBXBuildFile; fileRef = 6DBCAF7721176D79000FB166 /* AppDelegate.swift */; };
		6DBCAF7A21176D79000FB166 /* TodoListViewController.swift in Sources */ = {isa = PBXBuildFile; fileRef = 6DBCAF7921176D79000FB166 /* TodoListViewController.swift */; };
		6DBCAF7D21176D79000FB166 /* Main.storyboard in Resources */ = {isa = PBXBuildFile; fileRef = 6DBCAF7B21176D79000FB166 /* Main.storyboard */; };
		6DBCAF7F21176D79000FB166 /* Assets.xcassets in Resources */ = {isa = PBXBuildFile; fileRef = 6DBCAF7E21176D79000FB166 /* Assets.xcassets */; };
		6DBCAF8221176D79000FB166 /* LaunchScreen.storyboard in Resources */ = {isa = PBXBuildFile; fileRef = 6DBCAF8021176D79000FB166 /* LaunchScreen.storyboard */; };
		6DC85EC3211D303000F2411F /* CategoryViewController.swift in Sources */ = {isa = PBXBuildFile; fileRef = 6DC85EC2211D303000F2411F /* CategoryViewController.swift */; };
		6DDD665E21292AB800B6C250 /* Item.swift in Sources */ = {isa = PBXBuildFile; fileRef = 6DDD665D21292AB800B6C250 /* Item.swift */; };
		6DDD666021292C1800B6C250 /* Category.swift in Sources */ = {isa = PBXBuildFile; fileRef = 6DDD665F21292C1800B6C250 /* Category.swift */; };
/* End PBXBuildFile section */

/* Begin PBXFileReference section */
		0989B491C008DC5FD93163FA /* Pods-Todoey.debug.xcconfig */ = {isa = PBXFileReference; includeInIndex = 1; lastKnownFileType = text.xcconfig; name = "Pods-Todoey.debug.xcconfig"; path = "Pods/Target Support Files/Pods-Todoey/Pods-Todoey.debug.xcconfig"; sourceTree = "<group>"; };
		2726CB1655C01A8311250A85 /* Pods_Todoey.framework */ = {isa = PBXFileReference; explicitFileType = wrapper.framework; includeInIndex = 0; path = Pods_Todoey.framework; sourceTree = BUILT_PRODUCTS_DIR; };
		6DBCAF7421176D79000FB166 /* Todoey.app */ = {isa = PBXFileReference; explicitFileType = wrapper.application; includeInIndex = 0; path = Todoey.app; sourceTree = BUILT_PRODUCTS_DIR; };
		6DBCAF7721176D79000FB166 /* AppDelegate.swift */ = {isa = PBXFileReference; lastKnownFileType = sourcecode.swift; path = AppDelegate.swift; sourceTree = "<group>"; };
		6DBCAF7921176D79000FB166 /* TodoListViewController.swift */ = {isa = PBXFileReference; lastKnownFileType = sourcecode.swift; path = TodoListViewController.swift; sourceTree = "<group>"; };
		6DBCAF7C21176D79000FB166 /* Base */ = {isa = PBXFileReference; lastKnownFileType = file.storyboard; name = Base; path = Base.lproj/Main.storyboard; sourceTree = "<group>"; };
		6DBCAF7E21176D79000FB166 /* Assets.xcassets */ = {isa = PBXFileReference; lastKnownFileType = folder.assetcatalog; path = Assets.xcassets; sourceTree = "<group>"; };
		6DBCAF8121176D79000FB166 /* Base */ = {isa = PBXFileReference; lastKnownFileType = file.storyboard; name = Base; path = Base.lproj/LaunchScreen.storyboard; sourceTree = "<group>"; };
		6DBCAF8321176D79000FB166 /* Info.plist */ = {isa = PBXFileReference; lastKnownFileType = text.plist.xml; path = Info.plist; sourceTree = "<group>"; };
		6DC85EC2211D303000F2411F /* CategoryViewController.swift */ = {isa = PBXFileReference; lastKnownFileType = sourcecode.swift; path = CategoryViewController.swift; sourceTree = "<group>"; };
		6DDD665D21292AB800B6C250 /* Item.swift */ = {isa = PBXFileReference; lastKnownFileType = sourcecode.swift; path = Item.swift; sourceTree = "<group>"; };
		6DDD665F21292C1800B6C250 /* Category.swift */ = {isa = PBXFileReference; lastKnownFileType = sourcecode.swift; path = Category.swift; sourceTree = "<group>"; };
		6E0A32C687779BC5CA260ABE /* Pods-Todoey.release.xcconfig */ = {isa = PBXFileReference; includeInIndex = 1; lastKnownFileType = text.xcconfig; name = "Pods-Todoey.release.xcconfig"; path = "Pods/Target Support Files/Pods-Todoey/Pods-Todoey.release.xcconfig"; sourceTree = "<group>"; };
/* End PBXFileReference section */

/* Begin PBXFrameworksBuildPhase section */
		6DBCAF7121176D79000FB166 /* Frameworks */ = {
			isa = PBXFrameworksBuildPhase;
			buildActionMask = 2147483647;
			files = (
				354B9F15F758C6ABD9CACB56 /* Pods_Todoey.framework in Frameworks */,
			);
			runOnlyForDeploymentPostprocessing = 0;
		};
/* End PBXFrameworksBuildPhase section */

/* Begin PBXGroup section */
		6DBCAF6B21176D79000FB166 = {
			isa = PBXGroup;
			children = (
				6DBCAF7621176D79000FB166 /* Todoey */,
				6DBCAF7521176D79000FB166 /* Products */,
				D3E414F76AC5E8B90CE06E36 /* Pods */,
				F2E3DA55F44240B556BA307C /* Frameworks */,
			);
			sourceTree = "<group>";
		};
		6DBCAF7521176D79000FB166 /* Products */ = {
			isa = PBXGroup;
			children = (
				6DBCAF7421176D79000FB166 /* Todoey.app */,
			);
			name = Products;
			sourceTree = "<group>";
		};
		6DBCAF7621176D79000FB166 /* Todoey */ = {
			isa = PBXGroup;
			children = (
				6DBCAF892117AC56000FB166 /* Modelo */,
				6DBCAF8A2117AC61000FB166 /* Controlador */,
				6DBCAF8B2117AC6F000FB166 /* Vista */,
				6DBCAF7B21176D79000FB166 /* Main.storyboard */,
				6DBCAF7E21176D79000FB166 /* Assets.xcassets */,
				6DBCAF8021176D79000FB166 /* LaunchScreen.storyboard */,
				6DBCAF8321176D79000FB166 /* Info.plist */,
			);
			path = Todoey;
			sourceTree = "<group>";
		};
		6DBCAF892117AC56000FB166 /* Modelo */ = {
			isa = PBXGroup;
			children = (
				6DDD665F21292C1800B6C250 /* Category.swift */,
				6DDD665D21292AB800B6C250 /* Item.swift */,
			);
			path = Modelo;
			sourceTree = "<group>";
		};
		6DBCAF8A2117AC61000FB166 /* Controlador */ = {
			isa = PBXGroup;
			children = (
				6DC85EC2211D303000F2411F /* CategoryViewController.swift */,
				6DBCAF7921176D79000FB166 /* TodoListViewController.swift */,
				6DBCAF7721176D79000FB166 /* AppDelegate.swift */,
			);
			path = Controlador;
			sourceTree = "<group>";
		};
		6DBCAF8B2117AC6F000FB166 /* Vista */ = {
			isa = PBXGroup;
			children = (
			);
			path = Vista;
			sourceTree = "<group>";
		};
		D3E414F76AC5E8B90CE06E36 /* Pods */ = {
			isa = PBXGroup;
			children = (
				0989B491C008DC5FD93163FA /* Pods-Todoey.debug.xcconfig */,
				6E0A32C687779BC5CA260ABE /* Pods-Todoey.release.xcconfig */,
			);
			name = Pods;
			sourceTree = "<group>";
		};
		F2E3DA55F44240B556BA307C /* Frameworks */ = {
			isa = PBXGroup;
			children = (
				2726CB1655C01A8311250A85 /* Pods_Todoey.framework */,
			);
			name = Frameworks;
			sourceTree = "<group>";
		};
/* End PBXGroup section */

/* Begin PBXNativeTarget section */
		6DBCAF7321176D79000FB166 /* Todoey */ = {
			isa = PBXNativeTarget;
			buildConfigurationList = 6DBCAF8621176D79000FB166 /* Build configuration list for PBXNativeTarget "Todoey" */;
			buildPhases = (
				F22CC17DD1336F3F4FCADECA /* [CP] Check Pods Manifest.lock */,
				6DBCAF7021176D79000FB166 /* Sources */,
				6DBCAF7121176D79000FB166 /* Frameworks */,
				6DBCAF7221176D79000FB166 /* Resources */,
				A02FF919DAD938FF5C9A30CC /* [CP] Embed Pods Frameworks */,
			);
			buildRules = (
			);
			dependencies = (
			);
			name = Todoey;
			productName = Todoey;
			productReference = 6DBCAF7421176D79000FB166 /* Todoey.app */;
			productType = "com.apple.product-type.application";
		};
/* End PBXNativeTarget section */

/* Begin PBXProject section */
		6DBCAF6C21176D79000FB166 /* Project object */ = {
			isa = PBXProject;
			attributes = {
				LastSwiftUpdateCheck = 0940;
				LastUpgradeCheck = 0940;
				ORGANIZATIONNAME = "Edgar Adrián";
				TargetAttributes = {
					6DBCAF7321176D79000FB166 = {
						CreatedOnToolsVersion = 9.4.1;
					};
				};
			};
			buildConfigurationList = 6DBCAF6F21176D79000FB166 /* Build configuration list for PBXProject "Todoey" */;
			compatibilityVersion = "Xcode 9.3";
			developmentRegion = en;
			hasScannedForEncodings = 0;
			knownRegions = (
				en,
				Base,
			);
			mainGroup = 6DBCAF6B21176D79000FB166;
			productRefGroup = 6DBCAF7521176D79000FB166 /* Products */;
			projectDirPath = "";
			projectRoot = "";
			targets = (
				6DBCAF7321176D79000FB166 /* Todoey */,
			);
		};
/* End PBXProject section */

/* Begin PBXResourcesBuildPhase section */
		6DBCAF7221176D79000FB166 /* Resources */ = {
			isa = PBXResourcesBuildPhase;
			buildActionMask = 2147483647;
			files = (
				6DBCAF8221176D79000FB166 /* LaunchScreen.storyboard in Resources */,
				6DBCAF7F21176D79000FB166 /* Assets.xcassets in Resources */,
				6DBCAF7D21176D79000FB166 /* Main.storyboard in Resources */,
			);
			runOnlyForDeploymentPostprocessing = 0;
		};
/* End PBXResourcesBuildPhase section */

/* Begin PBXShellScriptBuildPhase section */
		A02FF919DAD938FF5C9A30CC /* [CP] Embed Pods Frameworks */ = {
			isa = PBXShellScriptBuildPhase;
			buildActionMask = 2147483647;
			files = (
			);
			inputPaths = (
				"${SRCROOT}/Pods/Target Support Files/Pods-Todoey/Pods-Todoey-frameworks.sh",
				"${BUILT_PRODUCTS_DIR}/Realm/Realm.framework",
				"${BUILT_PRODUCTS_DIR}/RealmSwift/RealmSwift.framework",
			);
			name = "[CP] Embed Pods Frameworks";
			outputPaths = (
				"${TARGET_BUILD_DIR}/${FRAMEWORKS_FOLDER_PATH}/Realm.framework",
				"${TARGET_BUILD_DIR}/${FRAMEWORKS_FOLDER_PATH}/RealmSwift.framework",
			);
			runOnlyForDeploymentPostprocessing = 0;
			shellPath = /bin/sh;
			shellScript = "\"${SRCROOT}/Pods/Target Support Files/Pods-Todoey/Pods-Todoey-frameworks.sh\"\n";
			showEnvVarsInLog = 0;
		};
		F22CC17DD1336F3F4FCADECA /* [CP] Check Pods Manifest.lock */ = {
			isa = PBXShellScriptBuildPhase;
			buildActionMask = 2147483647;
			files = (
			);
			inputPaths = (
				"${PODS_PODFILE_DIR_PATH}/Podfile.lock",
				"${PODS_ROOT}/Manifest.lock",
			);
			name = "[CP] Check Pods Manifest.lock";
			outputPaths = (
				"$(DERIVED_FILE_DIR)/Pods-Todoey-checkManifestLockResult.txt",
			);
			runOnlyForDeploymentPostprocessing = 0;
			shellPath = /bin/sh;
			shellScript = "diff \"${PODS_PODFILE_DIR_PATH}/Podfile.lock\" \"${PODS_ROOT}/Manifest.lock\" > /dev/null\nif [ $? != 0 ] ; then\n    # print error to STDERR\n    echo \"error: The sandbox is not in sync with the Podfile.lock. Run 'pod install' or update your CocoaPods installation.\" >&2\n    exit 1\nfi\n# This output is used by Xcode 'outputs' to avoid re-running this script phase.\necho \"SUCCESS\" > \"${SCRIPT_OUTPUT_FILE_0}\"\n";
			showEnvVarsInLog = 0;
		};
/* End PBXShellScriptBuildPhase section */

/* Begin PBXSourcesBuildPhase section */
		6DBCAF7021176D79000FB166 /* Sources */ = {
			isa = PBXSourcesBuildPhase;
			buildActionMask = 2147483647;
			files = (
				6DDD665E21292AB800B6C250 /* Item.swift in Sources */,
				6DDD666021292C1800B6C250 /* Category.swift in Sources */,
				6DC85EC3211D303000F2411F /* CategoryViewController.swift in Sources */,
				6DBCAF7A21176D79000FB166 /* TodoListViewController.swift in Sources */,
				6DBCAF7821176D79000FB166 /* AppDelegate.swift in Sources */,
			);
			runOnlyForDeploymentPostprocessing = 0;
		};
/* End PBXSourcesBuildPhase section */

/* Begin PBXVariantGroup section */
		6DBCAF7B21176D79000FB166 /* Main.storyboard */ = {
			isa = PBXVariantGroup;
			children = (
				6DBCAF7C21176D79000FB166 /* Base */,
			);
			name = Main.storyboard;
			sourceTree = "<group>";
		};
		6DBCAF8021176D79000FB166 /* LaunchScreen.storyboard */ = {
			isa = PBXVariantGroup;
			children = (
				6DBCAF8121176D79000FB166 /* Base */,
			);
			name = LaunchScreen.storyboard;
			sourceTree = "<group>";
		};
/* End PBXVariantGroup section */

/* Begin XCBuildConfiguration section */
		6DBCAF8421176D79000FB166 /* Debug */ = {
			isa = XCBuildConfiguration;
			buildSettings = {
				ALWAYS_SEARCH_USER_PATHS = NO;
				CLANG_ANALYZER_NONNULL = YES;
				CLANG_ANALYZER_NUMBER_OBJECT_CONVERSION = YES_AGGRESSIVE;
				CLANG_CXX_LANGUAGE_STANDARD = "gnu++14";
				CLANG_CXX_LIBRARY = "libc++";
				CLANG_ENABLE_MODULES = YES;
				CLANG_ENABLE_OBJC_ARC = YES;
				CLANG_ENABLE_OBJC_WEAK = YES;
				CLANG_WARN_BLOCK_CAPTURE_AUTORELEASING = YES;
				CLANG_WARN_BOOL_CONVERSION = YES;
				CLANG_WARN_COMMA = YES;
				CLANG_WARN_CONSTANT_CONVERSION = YES;
				CLANG_WARN_DEPRECATED_OBJC_IMPLEMENTATIONS = YES;
				CLANG_WARN_DIRECT_OBJC_ISA_USAGE = YES_ERROR;
				CLANG_WARN_DOCUMENTATION_COMMENTS = YES;
				CLANG_WARN_EMPTY_BODY = YES;
				CLANG_WARN_ENUM_CONVERSION = YES;
				CLANG_WARN_INFINITE_RECURSION = YES;
				CLANG_WARN_INT_CONVERSION = YES;
				CLANG_WARN_NON_LITERAL_NULL_CONVERSION = YES;
				CLANG_WARN_OBJC_IMPLICIT_RETAIN_SELF = YES;
				CLANG_WARN_OBJC_LITERAL_CONVERSION = YES;
				CLANG_WARN_OBJC_ROOT_CLASS = YES_ERROR;
				CLANG_WARN_RANGE_LOOP_ANALYSIS = YES;
				CLANG_WARN_STRICT_PROTOTYPES = YES;
				CLANG_WARN_SUSPICIOUS_MOVE = YES;
				CLANG_WARN_UNGUARDED_AVAILABILITY = YES_AGGRESSIVE;
				CLANG_WARN_UNREACHABLE_CODE = YES;
				CLANG_WARN__DUPLICATE_METHOD_MATCH = YES;
				CODE_SIGN_IDENTITY = "iPhone Developer";
				COPY_PHASE_STRIP = NO;
				DEBUG_INFORMATION_FORMAT = dwarf;
				ENABLE_STRICT_OBJC_MSGSEND = YES;
				ENABLE_TESTABILITY = YES;
				GCC_C_LANGUAGE_STANDARD = gnu11;
				GCC_DYNAMIC_NO_PIC = NO;
				GCC_NO_COMMON_BLOCKS = YES;
				GCC_OPTIMIZATION_LEVEL = 0;
				GCC_PREPROCESSOR_DEFINITIONS = (
					"DEBUG=1",
					"$(inherited)",
				);
				GCC_WARN_64_TO_32_BIT_CONVERSION = YES;
				GCC_WARN_ABOUT_RETURN_TYPE = YES_ERROR;
				GCC_WARN_UNDECLARED_SELECTOR = YES;
				GCC_WARN_UNINITIALIZED_AUTOS = YES_AGGRESSIVE;
				GCC_WARN_UNUSED_FUNCTION = YES;
				GCC_WARN_UNUSED_VARIABLE = YES;
				IPHONEOS_DEPLOYMENT_TARGET = 11.4;
				MTL_ENABLE_DEBUG_INFO = YES;
				ONLY_ACTIVE_ARCH = YES;
				SDKROOT = iphoneos;
				SWIFT_ACTIVE_COMPILATION_CONDITIONS = DEBUG;
				SWIFT_OPTIMIZATION_LEVEL = "-Onone";
			};
			name = Debug;
		};
		6DBCAF8521176D79000FB166 /* Release */ = {
			isa = XCBuildConfiguration;
			buildSettings = {
				ALWAYS_SEARCH_USER_PATHS = NO;
				CLANG_ANALYZER_NONNULL = YES;
				CLANG_ANALYZER_NUMBER_OBJECT_CONVERSION = YES_AGGRESSIVE;
				CLANG_CXX_LANGUAGE_STANDARD = "gnu++14";
				CLANG_CXX_LIBRARY = "libc++";
				CLANG_ENABLE_MODULES = YES;
				CLANG_ENABLE_OBJC_ARC = YES;
				CLANG_ENABLE_OBJC_WEAK = YES;
				CLANG_WARN_BLOCK_CAPTURE_AUTORELEASING = YES;
				CLANG_WARN_BOOL_CONVERSION = YES;
				CLANG_WARN_COMMA = YES;
				CLANG_WARN_CONSTANT_CONVERSION = YES;
				CLANG_WARN_DEPRECATED_OBJC_IMPLEMENTATIONS = YES;
				CLANG_WARN_DIRECT_OBJC_ISA_USAGE = YES_ERROR;
				CLANG_WARN_DOCUMENTATION_COMMENTS = YES;
				CLANG_WARN_EMPTY_BODY = YES;
				CLANG_WARN_ENUM_CONVERSION = YES;
				CLANG_WARN_INFINITE_RECURSION = YES;
				CLANG_WARN_INT_CONVERSION = YES;
				CLANG_WARN_NON_LITERAL_NULL_CONVERSION = YES;
				CLANG_WARN_OBJC_IMPLICIT_RETAIN_SELF = YES;
				CLANG_WARN_OBJC_LITERAL_CONVERSION = YES;
				CLANG_WARN_OBJC_ROOT_CLASS = YES_ERROR;
				CLANG_WARN_RANGE_LOOP_ANALYSIS = YES;
				CLANG_WARN_STRICT_PROTOTYPES = YES;
				CLANG_WARN_SUSPICIOUS_MOVE = YES;
				CLANG_WARN_UNGUARDED_AVAILABILITY = YES_AGGRESSIVE;
				CLANG_WARN_UNREACHABLE_CODE = YES;
				CLANG_WARN__DUPLICATE_METHOD_MATCH = YES;
				CODE_SIGN_IDENTITY = "iPhone Developer";
				COPY_PHASE_STRIP = NO;
				DEBUG_INFORMATION_FORMAT = "dwarf-with-dsym";
				ENABLE_NS_ASSERTIONS = NO;
				ENABLE_STRICT_OBJC_MSGSEND = YES;
				GCC_C_LANGUAGE_STANDARD = gnu11;
				GCC_NO_COMMON_BLOCKS = YES;
				GCC_WARN_64_TO_32_BIT_CONVERSION = YES;
				GCC_WARN_ABOUT_RETURN_TYPE = YES_ERROR;
				GCC_WARN_UNDECLARED_SELECTOR = YES;
				GCC_WARN_UNINITIALIZED_AUTOS = YES_AGGRESSIVE;
				GCC_WARN_UNUSED_FUNCTION = YES;
				GCC_WARN_UNUSED_VARIABLE = YES;
				IPHONEOS_DEPLOYMENT_TARGET = 11.4;
				MTL_ENABLE_DEBUG_INFO = NO;
				SDKROOT = iphoneos;
				SWIFT_COMPILATION_MODE = wholemodule;
				SWIFT_OPTIMIZATION_LEVEL = "-O";
				VALIDATE_PRODUCT = YES;
			};
			name = Release;
		};
		6DBCAF8721176D79000FB166 /* Debug */ = {
			isa = XCBuildConfiguration;
			baseConfigurationReference = 0989B491C008DC5FD93163FA /* Pods-Todoey.debug.xcconfig */;
			buildSettings = {
				ASSETCATALOG_COMPILER_APPICON_NAME = AppIcon;
				CODE_SIGN_STYLE = Automatic;
				INFOPLIST_FILE = Todoey/Info.plist;
				LD_RUNPATH_SEARCH_PATHS = (
					"$(inherited)",
					"@executable_path/Frameworks",
				);
				PRODUCT_BUNDLE_IDENTIFIER = com.edgaradrian.Todoey;
				PRODUCT_NAME = "$(TARGET_NAME)";
				SWIFT_VERSION = 4.0;
				TARGETED_DEVICE_FAMILY = "1,2";
			};
			name = Debug;
		};
		6DBCAF8821176D79000FB166 /* Release */ = {
			isa = XCBuildConfiguration;
			baseConfigurationReference = 6E0A32C687779BC5CA260ABE /* Pods-Todoey.release.xcconfig */;
			buildSettings = {
				ASSETCATALOG_COMPILER_APPICON_NAME = AppIcon;
				CODE_SIGN_STYLE = Automatic;
				INFOPLIST_FILE = Todoey/Info.plist;
				LD_RUNPATH_SEARCH_PATHS = (
					"$(inherited)",
					"@executable_path/Frameworks",
				);
				PRODUCT_BUNDLE_IDENTIFIER = com.edgaradrian.Todoey;
				PRODUCT_NAME = "$(TARGET_NAME)";
				SWIFT_VERSION = 4.0;
				TARGETED_DEVICE_FAMILY = "1,2";
			};
			name = Release;
		};
/* End XCBuildConfiguration section */

/* Begin XCConfigurationList section */
		6DBCAF6F21176D79000FB166 /* Build configuration list for PBXProject "Todoey" */ = {
			isa = XCConfigurationList;
			buildConfigurations = (
				6DBCAF8421176D79000FB166 /* Debug */,
				6DBCAF8521176D79000FB166 /* Release */,
			);
			defaultConfigurationIsVisible = 0;
			defaultConfigurationName = Release;
		};
		6DBCAF8621176D79000FB166 /* Build configuration list for PBXNativeTarget "Todoey" */ = {
			isa = XCConfigurationList;
			buildConfigurations = (
				6DBCAF8721176D79000FB166 /* Debug */,
				6DBCAF8821176D79000FB166 /* Release */,
			);
			defaultConfigurationIsVisible = 0;
			defaultConfigurationName = Release;
		};
/* End XCConfigurationList section */
	};
	rootObject = 6DBCAF6C21176D79000FB166 /* Project object */;
}
